// !$*UTF8*$!
{
	archiveVersion = 1;
	classes = {
	};
	objectVersion = 50;
	objects = {

/* Begin PBXBuildFile section */
		495E1F0426FB0B4400B78000 /* MemorizeApp.swift in Sources */ = {isa = PBXBuildFile; fileRef = 495E1F0326FB0B4400B78000 /* MemorizeApp.swift */; };
		495E1F0626FB0B4400B78000 /* EmojiMemoryGameView.swift in Sources */ = {isa = PBXBuildFile; fileRef = 495E1F0526FB0B4400B78000 /* EmojiMemoryGameView.swift */; };
		495E1F0826FB0B4400B78000 /* Assets.xcassets in Resources */ = {isa = PBXBuildFile; fileRef = 495E1F0726FB0B4400B78000 /* Assets.xcassets */; };
		495E1F0B26FB0B4400B78000 /* Preview Assets.xcassets in Resources */ = {isa = PBXBuildFile; fileRef = 495E1F0A26FB0B4400B78000 /* Preview Assets.xcassets */; };
		495E1F1626FB0B4500B78000 /* MemorizeTests.swift in Sources */ = {isa = PBXBuildFile; fileRef = 495E1F1526FB0B4500B78000 /* MemorizeTests.swift */; };
		495E1F2126FB0B4500B78000 /* MemorizeUITests.swift in Sources */ = {isa = PBXBuildFile; fileRef = 495E1F2026FB0B4500B78000 /* MemorizeUITests.swift */; };
		499FD5A9270D7EC9005CBA2D /* MemoryGame.swift in Sources */ = {isa = PBXBuildFile; fileRef = 499FD5A8270D7EC9005CBA2D /* MemoryGame.swift */; };
		499FD5AB270D8406005CBA2D /* EmojiMemoryGame.swift in Sources */ = {isa = PBXBuildFile; fileRef = 499FD5AA270D8406005CBA2D /* EmojiMemoryGame.swift */; };
/* End PBXBuildFile section */

/* Begin PBXContainerItemProxy section */
		495E1F1226FB0B4500B78000 /* PBXContainerItemProxy */ = {
			isa = PBXContainerItemProxy;
			containerPortal = 495E1EF826FB0B4400B78000 /* Project object */;
			proxyType = 1;
			remoteGlobalIDString = 495E1EFF26FB0B4400B78000;
			remoteInfo = Memorize;
		};
		495E1F1D26FB0B4500B78000 /* PBXContainerItemProxy */ = {
			isa = PBXContainerItemProxy;
			containerPortal = 495E1EF826FB0B4400B78000 /* Project object */;
			proxyType = 1;
			remoteGlobalIDString = 495E1EFF26FB0B4400B78000;
			remoteInfo = Memorize;
		};
/* End PBXContainerItemProxy section */

/* Begin PBXFileReference section */
		495E1F0026FB0B4400B78000 /* Memorize.app */ = {isa = PBXFileReference; explicitFileType = wrapper.application; includeInIndex = 0; path = Memorize.app; sourceTree = BUILT_PRODUCTS_DIR; };
		495E1F0326FB0B4400B78000 /* MemorizeApp.swift */ = {isa = PBXFileReference; lastKnownFileType = sourcecode.swift; path = MemorizeApp.swift; sourceTree = "<group>"; };
		495E1F0526FB0B4400B78000 /* EmojiMemoryGameView.swift */ = {isa = PBXFileReference; lastKnownFileType = sourcecode.swift; path = EmojiMemoryGameView.swift; sourceTree = "<group>"; };
		495E1F0726FB0B4400B78000 /* Assets.xcassets */ = {isa = PBXFileReference; lastKnownFileType = folder.assetcatalog; path = Assets.xcassets; sourceTree = "<group>"; };
		495E1F0A26FB0B4400B78000 /* Preview Assets.xcassets */ = {isa = PBXFileReference; lastKnownFileType = folder.assetcatalog; path = "Preview Assets.xcassets"; sourceTree = "<group>"; };
		495E1F0C26FB0B4400B78000 /* Info.plist */ = {isa = PBXFileReference; lastKnownFileType = text.plist.xml; path = Info.plist; sourceTree = "<group>"; };
		495E1F1126FB0B4500B78000 /* MemorizeTests.xctest */ = {isa = PBXFileReference; explicitFileType = wrapper.cfbundle; includeInIndex = 0; path = MemorizeTests.xctest; sourceTree = BUILT_PRODUCTS_DIR; };
		495E1F1526FB0B4500B78000 /* MemorizeTests.swift */ = {isa = PBXFileReference; lastKnownFileType = sourcecode.swift; path = MemorizeTests.swift; sourceTree = "<group>"; };
		495E1F1726FB0B4500B78000 /* Info.plist */ = {isa = PBXFileReference; lastKnownFileType = text.plist.xml; path = Info.plist; sourceTree = "<group>"; };
		495E1F1C26FB0B4500B78000 /* MemorizeUITests.xctest */ = {isa = PBXFileReference; explicitFileType = wrapper.cfbundle; includeInIndex = 0; path = MemorizeUITests.xctest; sourceTree = BUILT_PRODUCTS_DIR; };
		495E1F2026FB0B4500B78000 /* MemorizeUITests.swift */ = {isa = PBXFileReference; lastKnownFileType = sourcecode.swift; path = MemorizeUITests.swift; sourceTree = "<group>"; };
		495E1F2226FB0B4500B78000 /* Info.plist */ = {isa = PBXFileReference; lastKnownFileType = text.plist.xml; path = Info.plist; sourceTree = "<group>"; };
		499FD5A8270D7EC9005CBA2D /* MemoryGame.swift */ = {isa = PBXFileReference; lastKnownFileType = sourcecode.swift; path = MemoryGame.swift; sourceTree = "<group>"; };
		499FD5AA270D8406005CBA2D /* EmojiMemoryGame.swift */ = {isa = PBXFileReference; lastKnownFileType = sourcecode.swift; path = EmojiMemoryGame.swift; sourceTree = "<group>"; };
/* End PBXFileReference section */

/* Begin PBXFrameworksBuildPhase section */
		495E1EFD26FB0B4400B78000 /* Frameworks */ = {
			isa = PBXFrameworksBuildPhase;
			buildActionMask = 2147483647;
			files = (
			);
			runOnlyForDeploymentPostprocessing = 0;
		};
		495E1F0E26FB0B4500B78000 /* Frameworks */ = {
			isa = PBXFrameworksBuildPhase;
			buildActionMask = 2147483647;
			files = (
			);
			runOnlyForDeploymentPostprocessing = 0;
		};
		495E1F1926FB0B4500B78000 /* Frameworks */ = {
			isa = PBXFrameworksBuildPhase;
			buildActionMask = 2147483647;
			files = (
			);
			runOnlyForDeploymentPostprocessing = 0;
		};
/* End PBXFrameworksBuildPhase section */

/* Begin PBXGroup section */
		495E1EF726FB0B4400B78000 = {
			isa = PBXGroup;
			children = (
				495E1F0226FB0B4400B78000 /* Memorize */,
				495E1F1426FB0B4500B78000 /* MemorizeTests */,
				495E1F1F26FB0B4500B78000 /* MemorizeUITests */,
				495E1F0126FB0B4400B78000 /* Products */,
			);
			sourceTree = "<group>";
		};
		495E1F0126FB0B4400B78000 /* Products */ = {
			isa = PBXGroup;
			children = (
				495E1F0026FB0B4400B78000 /* Memorize.app */,
				495E1F1126FB0B4500B78000 /* MemorizeTests.xctest */,
				495E1F1C26FB0B4500B78000 /* MemorizeUITests.xctest */,
			);
			name = Products;
			sourceTree = "<group>";
		};
		495E1F0226FB0B4400B78000 /* Memorize */ = {
			isa = PBXGroup;
			children = (
				495E1F0326FB0B4400B78000 /* MemorizeApp.swift */,
				495E1F0526FB0B4400B78000 /* EmojiMemoryGameView.swift */,
				499FD5A8270D7EC9005CBA2D /* MemoryGame.swift */,
				499FD5AA270D8406005CBA2D /* EmojiMemoryGame.swift */,
				495E1F0726FB0B4400B78000 /* Assets.xcassets */,
				495E1F0C26FB0B4400B78000 /* Info.plist */,
				495E1F0926FB0B4400B78000 /* Preview Content */,
			);
			path = Memorize;
			sourceTree = "<group>";
		};
		495E1F0926FB0B4400B78000 /* Preview Content */ = {
			isa = PBXGroup;
			children = (
				495E1F0A26FB0B4400B78000 /* Preview Assets.xcassets */,
			);
			path = "Preview Content";
			sourceTree = "<group>";
		};
		495E1F1426FB0B4500B78000 /* MemorizeTests */ = {
			isa = PBXGroup;
			children = (
				495E1F1526FB0B4500B78000 /* MemorizeTests.swift */,
				495E1F1726FB0B4500B78000 /* Info.plist */,
			);
			path = MemorizeTests;
			sourceTree = "<group>";
		};
		495E1F1F26FB0B4500B78000 /* MemorizeUITests */ = {
			isa = PBXGroup;
			children = (
				495E1F2026FB0B4500B78000 /* MemorizeUITests.swift */,
				495E1F2226FB0B4500B78000 /* Info.plist */,
			);
			path = MemorizeUITests;
			sourceTree = "<group>";
		};
/* End PBXGroup section */

/* Begin PBXNativeTarget section */
		495E1EFF26FB0B4400B78000 /* Memorize */ = {
			isa = PBXNativeTarget;
			buildConfigurationList = 495E1F2526FB0B4500B78000 /* Build configuration list for PBXNativeTarget "Memorize" */;
			buildPhases = (
				495E1EFC26FB0B4400B78000 /* Sources */,
				495E1EFD26FB0B4400B78000 /* Frameworks */,
				495E1EFE26FB0B4400B78000 /* Resources */,
			);
			buildRules = (
			);
			dependencies = (
			);
			name = Memorize;
			productName = Memorize;
			productReference = 495E1F0026FB0B4400B78000 /* Memorize.app */;
			productType = "com.apple.product-type.application";
		};
		495E1F1026FB0B4500B78000 /* MemorizeTests */ = {
			isa = PBXNativeTarget;
			buildConfigurationList = 495E1F2826FB0B4500B78000 /* Build configuration list for PBXNativeTarget "MemorizeTests" */;
			buildPhases = (
				495E1F0D26FB0B4500B78000 /* Sources */,
				495E1F0E26FB0B4500B78000 /* Frameworks */,
				495E1F0F26FB0B4500B78000 /* Resources */,
			);
			buildRules = (
			);
			dependencies = (
				495E1F1326FB0B4500B78000 /* PBXTargetDependency */,
			);
			name = MemorizeTests;
			productName = MemorizeTests;
			productReference = 495E1F1126FB0B4500B78000 /* MemorizeTests.xctest */;
			productType = "com.apple.product-type.bundle.unit-test";
		};
		495E1F1B26FB0B4500B78000 /* MemorizeUITests */ = {
			isa = PBXNativeTarget;
			buildConfigurationList = 495E1F2B26FB0B4500B78000 /* Build configuration list for PBXNativeTarget "MemorizeUITests" */;
			buildPhases = (
				495E1F1826FB0B4500B78000 /* Sources */,
				495E1F1926FB0B4500B78000 /* Frameworks */,
				495E1F1A26FB0B4500B78000 /* Resources */,
			);
			buildRules = (
			);
			dependencies = (
				495E1F1E26FB0B4500B78000 /* PBXTargetDependency */,
			);
			name = MemorizeUITests;
			productName = MemorizeUITests;
			productReference = 495E1F1C26FB0B4500B78000 /* MemorizeUITests.xctest */;
			productType = "com.apple.product-type.bundle.ui-testing";
		};
/* End PBXNativeTarget section */

/* Begin PBXProject section */
		495E1EF826FB0B4400B78000 /* Project object */ = {
			isa = PBXProject;
			attributes = {
				LastSwiftUpdateCheck = 1250;
				LastUpgradeCheck = 1250;
				TargetAttributes = {
					495E1EFF26FB0B4400B78000 = {
						CreatedOnToolsVersion = 12.5.1;
					};
					495E1F1026FB0B4500B78000 = {
						CreatedOnToolsVersion = 12.5.1;
						TestTargetID = 495E1EFF26FB0B4400B78000;
					};
					495E1F1B26FB0B4500B78000 = {
						CreatedOnToolsVersion = 12.5.1;
						TestTargetID = 495E1EFF26FB0B4400B78000;
					};
				};
			};
			buildConfigurationList = 495E1EFB26FB0B4400B78000 /* Build configuration list for PBXProject "Memorize" */;
			compatibilityVersion = "Xcode 9.3";
			developmentRegion = en;
			hasScannedForEncodings = 0;
			knownRegions = (
				en,
				Base,
			);
			mainGroup = 495E1EF726FB0B4400B78000;
			productRefGroup = 495E1F0126FB0B4400B78000 /* Products */;
			projectDirPath = "";
			projectRoot = "";
			targets = (
				495E1EFF26FB0B4400B78000 /* Memorize */,
				495E1F1026FB0B4500B78000 /* MemorizeTests */,
				495E1F1B26FB0B4500B78000 /* MemorizeUITests */,
			);
		};
/* End PBXProject section */

/* Begin PBXResourcesBuildPhase section */
		495E1EFE26FB0B4400B78000 /* Resources */ = {
			isa = PBXResourcesBuildPhase;
			buildActionMask = 2147483647;
			files = (
				495E1F0B26FB0B4400B78000 /* Preview Assets.xcassets in Resources */,
				495E1F0826FB0B4400B78000 /* Assets.xcassets in Resources */,
			);
			runOnlyForDeploymentPostprocessing = 0;
		};
		495E1F0F26FB0B4500B78000 /* Resources */ = {
			isa = PBXResourcesBuildPhase;
			buildActionMask = 2147483647;
			files = (
			);
			runOnlyForDeploymentPostprocessing = 0;
		};
		495E1F1A26FB0B4500B78000 /* Resources */ = {
			isa = PBXResourcesBuildPhase;
			buildActionMask = 2147483647;
			files = (
			);
			runOnlyForDeploymentPostprocessing = 0;
		};
/* End PBXResourcesBuildPhase section */

/* Begin PBXSourcesBuildPhase section */
		495E1EFC26FB0B4400B78000 /* Sources */ = {
			isa = PBXSourcesBuildPhase;
			buildActionMask = 2147483647;
			files = (
				499FD5A9270D7EC9005CBA2D /* MemoryGame.swift in Sources */,
				495E1F0626FB0B4400B78000 /* EmojiMemoryGameView.swift in Sources */,
				495E1F0426FB0B4400B78000 /* MemorizeApp.swift in Sources */,
				499FD5AB270D8406005CBA2D /* EmojiMemoryGame.swift in Sources */,
			);
			runOnlyForDeploymentPostprocessing = 0;
		};
		495E1F0D26FB0B4500B78000 /* Sources */ = {
			isa = PBXSourcesBuildPhase;
			buildActionMask = 2147483647;
			files = (
				495E1F1626FB0B4500B78000 /* MemorizeTests.swift in Sources */,
			);
			runOnlyForDeploymentPostprocessing = 0;
		};
		495E1F1826FB0B4500B78000 /* Sources */ = {
			isa = PBXSourcesBuildPhase;
			buildActionMask = 2147483647;
			files = (
				495E1F2126FB0B4500B78000 /* MemorizeUITests.swift in Sources */,
			);
			runOnlyForDeploymentPostprocessing = 0;
		};
/* End PBXSourcesBuildPhase section */

/* Begin PBXTargetDependency section */
		495E1F1326FB0B4500B78000 /* PBXTargetDependency */ = {
			isa = PBXTargetDependency;
			target = 495E1EFF26FB0B4400B78000 /* Memorize */;
			targetProxy = 495E1F1226FB0B4500B78000 /* PBXContainerItemProxy */;
		};
		495E1F1E26FB0B4500B78000 /* PBXTargetDependency */ = {
			isa = PBXTargetDependency;
			target = 495E1EFF26FB0B4400B78000 /* Memorize */;
			targetProxy = 495E1F1D26FB0B4500B78000 /* PBXContainerItemProxy */;
		};
/* End PBXTargetDependency section */

/* Begin XCBuildConfiguration section */
		495E1F2326FB0B4500B78000 /* Debug */ = {
			isa = XCBuildConfiguration;
			buildSettings = {
				ALWAYS_SEARCH_USER_PATHS = NO;
				CLANG_ANALYZER_NONNULL = YES;
				CLANG_ANALYZER_NUMBER_OBJECT_CONVERSION = YES_AGGRESSIVE;
				CLANG_CXX_LANGUAGE_STANDARD = "gnu++14";
				CLANG_CXX_LIBRARY = "libc++";
				CLANG_ENABLE_MODULES = YES;
				CLANG_ENABLE_OBJC_ARC = YES;
				CLANG_ENABLE_OBJC_WEAK = YES;
				CLANG_WARN_BLOCK_CAPTURE_AUTORELEASING = YES;
				CLANG_WARN_BOOL_CONVERSION = YES;
				CLANG_WARN_COMMA = YES;
				CLANG_WARN_CONSTANT_CONVERSION = YES;
				CLANG_WARN_DEPRECATED_OBJC_IMPLEMENTATIONS = YES;
				CLANG_WARN_DIRECT_OBJC_ISA_USAGE = YES_ERROR;
				CLANG_WARN_DOCUMENTATION_COMMENTS = YES;
				CLANG_WARN_EMPTY_BODY = YES;
				CLANG_WARN_ENUM_CONVERSION = YES;
				CLANG_WARN_INFINITE_RECURSION = YES;
				CLANG_WARN_INT_CONVERSION = YES;
				CLANG_WARN_NON_LITERAL_NULL_CONVERSION = YES;
				CLANG_WARN_OBJC_IMPLICIT_RETAIN_SELF = YES;
				CLANG_WARN_OBJC_LITERAL_CONVERSION = YES;
				CLANG_WARN_OBJC_ROOT_CLASS = YES_ERROR;
				CLANG_WARN_QUOTED_INCLUDE_IN_FRAMEWORK_HEADER = YES;
				CLANG_WARN_RANGE_LOOP_ANALYSIS = YES;
				CLANG_WARN_STRICT_PROTOTYPES = YES;
				CLANG_WARN_SUSPICIOUS_MOVE = YES;
				CLANG_WARN_UNGUARDED_AVAILABILITY = YES_AGGRESSIVE;
				CLANG_WARN_UNREACHABLE_CODE = YES;
				CLANG_WARN__DUPLICATE_METHOD_MATCH = YES;
				COPY_PHASE_STRIP = NO;
				DEBUG_INFORMATION_FORMAT = dwarf;
				ENABLE_STRICT_OBJC_MSGSEND = YES;
				ENABLE_TESTABILITY = YES;
				GCC_C_LANGUAGE_STANDARD = gnu11;
				GCC_DYNAMIC_NO_PIC = NO;
				GCC_NO_COMMON_BLOCKS = YES;
				GCC_OPTIMIZATION_LEVEL = 0;
				GCC_PREPROCESSOR_DEFINITIONS = (
					"DEBUG=1",
					"$(inherited)",
				);
				GCC_WARN_64_TO_32_BIT_CONVERSION = YES;
				GCC_WARN_ABOUT_RETURN_TYPE = YES_ERROR;
				GCC_WARN_UNDECLARED_SELECTOR = YES;
				GCC_WARN_UNINITIALIZED_AUTOS = YES_AGGRESSIVE;
				GCC_WARN_UNUSED_FUNCTION = YES;
				GCC_WARN_UNUSED_VARIABLE = YES;
				IPHONEOS_DEPLOYMENT_TARGET = 14.5;
				MTL_ENABLE_DEBUG_INFO = INCLUDE_SOURCE;
				MTL_FAST_MATH = YES;
				ONLY_ACTIVE_ARCH = YES;
				SDKROOT = iphoneos;
				SWIFT_ACTIVE_COMPILATION_CONDITIONS = DEBUG;
				SWIFT_OPTIMIZATION_LEVEL = "-Onone";
			};
			name = Debug;
		};
		495E1F2426FB0B4500B78000 /* Release */ = {
			isa = XCBuildConfiguration;
			buildSettings = {
				ALWAYS_SEARCH_USER_PATHS = NO;
				CLANG_ANALYZER_NONNULL = YES;
				CLANG_ANALYZER_NUMBER_OBJECT_CONVERSION = YES_AGGRESSIVE;
				CLANG_CXX_LANGUAGE_STANDARD = "gnu++14";
				CLANG_CXX_LIBRARY = "libc++";
				CLANG_ENABLE_MODULES = YES;
				CLANG_ENABLE_OBJC_ARC = YES;
				CLANG_ENABLE_OBJC_WEAK = YES;
				CLANG_WARN_BLOCK_CAPTURE_AUTORELEASING = YES;
				CLANG_WARN_BOOL_CONVERSION = YES;
				CLANG_WARN_COMMA = YES;
				CLANG_WARN_CONSTANT_CONVERSION = YES;
				CLANG_WARN_DEPRECATED_OBJC_IMPLEMENTATIONS = YES;
				CLANG_WARN_DIRECT_OBJC_ISA_USAGE = YES_ERROR;
				CLANG_WARN_DOCUMENTATION_COMMENTS = YES;
				CLANG_WARN_EMPTY_BODY = YES;
				CLANG_WARN_ENUM_CONVERSION = YES;
				CLANG_WARN_INFINITE_RECURSION = YES;
				CLANG_WARN_INT_CONVERSION = YES;
				CLANG_WARN_NON_LITERAL_NULL_CONVERSION = YES;
				CLANG_WARN_OBJC_IMPLICIT_RETAIN_SELF = YES;
				CLANG_WARN_OBJC_LITERAL_CONVERSION = YES;
				CLANG_WARN_OBJC_ROOT_CLASS = YES_ERROR;
				CLANG_WARN_QUOTED_INCLUDE_IN_FRAMEWORK_HEADER = YES;
				CLANG_WARN_RANGE_LOOP_ANALYSIS = YES;
				CLANG_WARN_STRICT_PROTOTYPES = YES;
				CLANG_WARN_SUSPICIOUS_MOVE = YES;
				CLANG_WARN_UNGUARDED_AVAILABILITY = YES_AGGRESSIVE;
				CLANG_WARN_UNREACHABLE_CODE = YES;
				CLANG_WARN__DUPLICATE_METHOD_MATCH = YES;
				COPY_PHASE_STRIP = NO;
				DEBUG_INFORMATION_FORMAT = "dwarf-with-dsym";
				ENABLE_NS_ASSERTIONS = NO;
				ENABLE_STRICT_OBJC_MSGSEND = YES;
				GCC_C_LANGUAGE_STANDARD = gnu11;
				GCC_NO_COMMON_BLOCKS = YES;
				GCC_WARN_64_TO_32_BIT_CONVERSION = YES;
				GCC_WARN_ABOUT_RETURN_TYPE = YES_ERROR;
				GCC_WARN_UNDECLARED_SELECTOR = YES;
				GCC_WARN_UNINITIALIZED_AUTOS = YES_AGGRESSIVE;
				GCC_WARN_UNUSED_FUNCTION = YES;
				GCC_WARN_UNUSED_VARIABLE = YES;
				IPHONEOS_DEPLOYMENT_TARGET = 14.5;
				MTL_ENABLE_DEBUG_INFO = NO;
				MTL_FAST_MATH = YES;
				SDKROOT = iphoneos;
				SWIFT_COMPILATION_MODE = wholemodule;
				SWIFT_OPTIMIZATION_LEVEL = "-O";
				VALIDATE_PRODUCT = YES;
			};
			name = Release;
		};
		495E1F2626FB0B4500B78000 /* Debug */ = {
			isa = XCBuildConfiguration;
			buildSettings = {
				ASSETCATALOG_COMPILER_APPICON_NAME = AppIcon;
				ASSETCATALOG_COMPILER_GLOBAL_ACCENT_COLOR_NAME = AccentColor;
				CODE_SIGN_STYLE = Automatic;
				DEVELOPMENT_ASSET_PATHS = "\"Memorize/Preview Content\"";
				ENABLE_PREVIEWS = YES;
				INFOPLIST_FILE = Memorize/Info.plist;
				IPHONEOS_DEPLOYMENT_TARGET = 14.0;
				LD_RUNPATH_SEARCH_PATHS = (
					"$(inherited)",
					"@executable_path/Frameworks",
				);
				PRODUCT_BUNDLE_IDENTIFIER = com.ab.Memorize;
				PRODUCT_NAME = "$(TARGET_NAME)";
				SWIFT_VERSION = 5.0;
				TARGETED_DEVICE_FAMILY = "1,2";
			};
			name = Debug;
		};
		495E1F2726FB0B4500B78000 /* Release */ = {
			isa = XCBuildConfiguration;
			buildSettings = {
				ASSETCATALOG_COMPILER_APPICON_NAME = AppIcon;
				ASSETCATALOG_COMPILER_GLOBAL_ACCENT_COLOR_NAME = AccentColor;
				CODE_SIGN_STYLE = Automatic;
				DEVELOPMENT_ASSET_PATHS = "\"Memorize/Preview Content\"";
				ENABLE_PREVIEWS = YES;
				INFOPLIST_FILE = Memorize/Info.plist;
				IPHONEOS_DEPLOYMENT_TARGET = 14.0;
				LD_RUNPATH_SEARCH_PATHS = (
					"$(inherited)",
					"@executable_path/Frameworks",
				);
				PRODUCT_BUNDLE_IDENTIFIER = com.ab.Memorize;
				PRODUCT_NAME = "$(TARGET_NAME)";
				SWIFT_VERSION = 5.0;
				TARGETED_DEVICE_FAMILY = "1,2";
			};
			name = Release;
		};
		495E1F2926FB0B4500B78000 /* Debug */ = {
			isa = XCBuildConfiguration;
			buildSettings = {
				ALWAYS_EMBED_SWIFT_STANDARD_LIBRARIES = YES;
				BUNDLE_LOADER = "$(TEST_HOST)";
				CODE_SIGN_STYLE = Automatic;
				INFOPLIST_FILE = MemorizeTests/Info.plist;
				IPHONEOS_DEPLOYMENT_TARGET = 14.0;
				LD_RUNPATH_SEARCH_PATHS = (
					"$(inherited)",
					"@executable_path/Frameworks",
					"@loader_path/Frameworks",
				);
				PRODUCT_BUNDLE_IDENTIFIER = com.ab.MemorizeTests;
				PRODUCT_NAME = "$(TARGET_NAME)";
				SWIFT_VERSION = 5.0;
				TARGETED_DEVICE_FAMILY = "1,2";
				TEST_HOST = "$(BUILT_PRODUCTS_DIR)/Memorize.app/Memorize";
			};
			name = Debug;
		};
		495E1F2A26FB0B4500B78000 /* Release */ = {
			isa = XCBuildConfiguration;
			buildSettings = {
				ALWAYS_EMBED_SWIFT_STANDARD_LIBRARIES = YES;
				BUNDLE_LOADER = "$(TEST_HOST)";
				CODE_SIGN_STYLE = Automatic;
				INFOPLIST_FILE = MemorizeTests/Info.plist;
				IPHONEOS_DEPLOYMENT_TARGET = 14.0;
				LD_RUNPATH_SEARCH_PATHS = (
					"$(inherited)",
					"@executable_path/Frameworks",
					"@loader_path/Frameworks",
				);
				PRODUCT_BUNDLE_IDENTIFIER = com.ab.MemorizeTests;
				PRODUCT_NAME = "$(TARGET_NAME)";
				SWIFT_VERSION = 5.0;
				TARGETED_DEVICE_FAMILY = "1,2";
				TEST_HOST = "$(BUILT_PRODUCTS_DIR)/Memorize.app/Memorize";
			};
			name = Release;
		};
		495E1F2C26FB0B4500B78000 /* Debug */ = {
			isa = XCBuildConfiguration;
			buildSettings = {
				ALWAYS_EMBED_SWIFT_STANDARD_LIBRARIES = YES;
				CODE_SIGN_STYLE = Automatic;
				INFOPLIST_FILE = MemorizeUITests/Info.plist;
				LD_RUNPATH_SEARCH_PATHS = (
					"$(inherited)",
					"@executable_path/Frameworks",
					"@loader_path/Frameworks",
				);
				PRODUCT_BUNDLE_IDENTIFIER = com.ab.MemorizeUITests;
				PRODUCT_NAME = "$(TARGET_NAME)";
				SWIFT_VERSION = 5.0;
				TARGETED_DEVICE_FAMILY = "1,2";
				TEST_TARGET_NAME = Memorize;
			};
			name = Debug;
		};
		495E1F2D26FB0B4500B78000 /* Release */ = {
			isa = XCBuildConfiguration;
			buildSettings = {
				ALWAYS_EMBED_SWIFT_STANDARD_LIBRARIES = YES;
				CODE_SIGN_STYLE = Automatic;
				INFOPLIST_FILE = MemorizeUITests/Info.plist;
				LD_RUNPATH_SEARCH_PATHS = (
					"$(inherited)",
					"@executable_path/Frameworks",
					"@loader_path/Frameworks",
				);
				PRODUCT_BUNDLE_IDENTIFIER = com.ab.MemorizeUITests;
				PRODUCT_NAME = "$(TARGET_NAME)";
				SWIFT_VERSION = 5.0;
				TARGETED_DEVICE_FAMILY = "1,2";
				TEST_TARGET_NAME = Memorize;
			};
			name = Release;
		};
/* End XCBuildConfiguration section */

/* Begin XCConfigurationList section */
		495E1EFB26FB0B4400B78000 /* Build configuration list for PBXProject "Memorize" */ = {
			isa = XCConfigurationList;
			buildConfigurations = (
				495E1F2326FB0B4500B78000 /* Debug */,
				495E1F2426FB0B4500B78000 /* Release */,
			);
			defaultConfigurationIsVisible = 0;
			defaultConfigurationName = Release;
		};
		495E1F2526FB0B4500B78000 /* Build configuration list for PBXNativeTarget "Memorize" */ = {
			isa = XCConfigurationList;
			buildConfigurations = (
				495E1F2626FB0B4500B78000 /* Debug */,
				495E1F2726FB0B4500B78000 /* Release */,
			);
			defaultConfigurationIsVisible = 0;
			defaultConfigurationName = Release;
		};
		495E1F2826FB0B4500B78000 /* Build configuration list for PBXNativeTarget "MemorizeTests" */ = {
			isa = XCConfigurationList;
			buildConfigurations = (
				495E1F2926FB0B4500B78000 /* Debug */,
				495E1F2A26FB0B4500B78000 /* Release */,
			);
			defaultConfigurationIsVisible = 0;
			defaultConfigurationName = Release;
		};
		495E1F2B26FB0B4500B78000 /* Build configuration list for PBXNativeTarget "MemorizeUITests" */ = {
			isa = XCConfigurationList;
			buildConfigurations = (
				495E1F2C26FB0B4500B78000 /* Debug */,
				495E1F2D26FB0B4500B78000 /* Release */,
			);
			defaultConfigurationIsVisible = 0;
			defaultConfigurationName = Release;
		};
/* End XCConfigurationList section */
	};
	rootObject = 495E1EF826FB0B4400B78000 /* Project object */;
}
